
Microsoft Visual Studio Solution File, Format Version 12.00
# Visual Studio Version 16
VisualStudioVersion = 16.0.30114.105
MinimumVisualStudioVersion = 10.0.40219.1
Project("{FAE04EC0-301F-11D3-BF4B-00C04F79EFBC}") = "GitTweet", "src\GitTweet.csproj", "{1BF92C7B-F83E-4FBF-859E-E54E25A96E12}"
EndProject
Project("{FAE04EC0-301F-11D3-BF4B-00C04F79EFBC}") = "GitTweet.Tests", "tests\GitTweet.Tests.csproj", "{5C7C1296-2873-43B9-9536-8E61E379C56C}"
EndProject
Global
	GlobalSection(SolutionConfigurationPlatforms) = preSolution
		Debug|Any CPU = Debug|Any CPU
		Release|Any CPU = Release|Any CPU
	EndGlobalSection
	GlobalSection(SolutionProperties) = preSolution
		HideSolutionNode = FALSE
	EndGlobalSection
	GlobalSection(ProjectConfigurationPlatforms) = postSolution
		{1BF92C7B-F83E-4FBF-859E-E54E25A96E12}.Debug|Any CPU.ActiveCfg = Debug|Any CPU
		{1BF92C7B-F83E-4FBF-859E-E54E25A96E12}.Debug|Any CPU.Build.0 = Debug|Any CPU
		{1BF92C7B-F83E-4FBF-859E-E54E25A96E12}.Release|Any CPU.ActiveCfg = Release|Any CPU
		{1BF92C7B-F83E-4FBF-859E-E54E25A96E12}.Release|Any CPU.Build.0 = Release|Any CPU
		{5C7C1296-2873-43B9-9536-8E61E379C56C}.Debug|Any CPU.ActiveCfg = Debug|Any CPU
		{5C7C1296-2873-43B9-9536-8E61E379C56C}.Debug|Any CPU.Build.0 = Debug|Any CPU
		{5C7C1296-2873-43B9-9536-8E61E379C56C}.Release|Any CPU.ActiveCfg = Release|Any CPU
		{5C7C1296-2873-43B9-9536-8E61E379C56C}.Release|Any CPU.Build.0 = Release|Any CPU
	EndGlobalSection
EndGlobal
